// !$*UTF8*$!
{
	archiveVersion = 1;
	classes = {
	};
	objectVersion = 50;
	objects = {

/* Begin PBXBuildFile section */
		2B0464BD22067ED1006A3421 /* SettingsViewController.swift in Sources */ = {isa = PBXBuildFile; fileRef = 2B0464BC22067ED1006A3421 /* SettingsViewController.swift */; };
		2B1CA4452205DF7D00A7BC5F /* AppDelegate.swift in Sources */ = {isa = PBXBuildFile; fileRef = 2B1CA4442205DF7D00A7BC5F /* AppDelegate.swift */; };
		2B1CA4472205DF7D00A7BC5F /* ViewController.swift in Sources */ = {isa = PBXBuildFile; fileRef = 2B1CA4462205DF7D00A7BC5F /* ViewController.swift */; };
		2B1CA44A2205DF7D00A7BC5F /* Main.storyboard in Resources */ = {isa = PBXBuildFile; fileRef = 2B1CA4482205DF7D00A7BC5F /* Main.storyboard */; };
		2B1CA44C2205DF7F00A7BC5F /* Assets.xcassets in Resources */ = {isa = PBXBuildFile; fileRef = 2B1CA44B2205DF7F00A7BC5F /* Assets.xcassets */; };
		2B1CA44F2205DF7F00A7BC5F /* LaunchScreen.storyboard in Resources */ = {isa = PBXBuildFile; fileRef = 2B1CA44D2205DF7F00A7BC5F /* LaunchScreen.storyboard */; };
		2B1CA45A2205DF7F00A7BC5F /* QuertieTests.swift in Sources */ = {isa = PBXBuildFile; fileRef = 2B1CA4592205DF7F00A7BC5F /* QuertieTests.swift */; };
		2B1CA4652205DF8000A7BC5F /* QuertieUITests.swift in Sources */ = {isa = PBXBuildFile; fileRef = 2B1CA4642205DF8000A7BC5F /* QuertieUITests.swift */; };
		2B3281762205F0CD009D2DE6 /* Message.swift in Sources */ = {isa = PBXBuildFile; fileRef = 2B3281752205F0CD009D2DE6 /* Message.swift */; };
		2B32817822060280009D2DE6 /* Extensions.swift in Sources */ = {isa = PBXBuildFile; fileRef = 2B32817722060280009D2DE6 /* Extensions.swift */; };
		2B32817A220607E5009D2DE6 /* ChatService.swift in Sources */ = {isa = PBXBuildFile; fileRef = 2B328179220607E5009D2DE6 /* ChatService.swift */; };
		2B32817C22064283009D2DE6 /* CameraView.swift in Sources */ = {isa = PBXBuildFile; fileRef = 2B32817B22064283009D2DE6 /* CameraView.swift */; };
		8A5489514DF766763F570A7E /* Pods_QuertieUITests.framework in Frameworks */ = {isa = PBXBuildFile; fileRef = 48626511AF200100BC52EA95 /* Pods_QuertieUITests.framework */; };
		A2D3912BF52E391091C0F7A2 /* Pods_QuertieTests.framework in Frameworks */ = {isa = PBXBuildFile; fileRef = C581D5429CA2E36D84FC63E4 /* Pods_QuertieTests.framework */; };
		E601AED284AAAE1A9D7515BF /* Pods_Quertie.framework in Frameworks */ = {isa = PBXBuildFile; fileRef = 037DDC2D9816888E2F5C0825 /* Pods_Quertie.framework */; };
/* End PBXBuildFile section */

/* Begin PBXContainerItemProxy section */
		2B1CA4562205DF7F00A7BC5F /* PBXContainerItemProxy */ = {
			isa = PBXContainerItemProxy;
			containerPortal = 2B1CA4392205DF7D00A7BC5F /* Project object */;
			proxyType = 1;
			remoteGlobalIDString = 2B1CA4402205DF7D00A7BC5F;
			remoteInfo = Quertie;
		};
		2B1CA4612205DF7F00A7BC5F /* PBXContainerItemProxy */ = {
			isa = PBXContainerItemProxy;
			containerPortal = 2B1CA4392205DF7D00A7BC5F /* Project object */;
			proxyType = 1;
			remoteGlobalIDString = 2B1CA4402205DF7D00A7BC5F;
			remoteInfo = Quertie;
		};
/* End PBXContainerItemProxy section */

/* Begin PBXFileReference section */
		037DDC2D9816888E2F5C0825 /* Pods_Quertie.framework */ = {isa = PBXFileReference; explicitFileType = wrapper.framework; includeInIndex = 0; path = Pods_Quertie.framework; sourceTree = BUILT_PRODUCTS_DIR; };
		115D77E628EE89B6D6120ACE /* Pods-QuertieTests.release.xcconfig */ = {isa = PBXFileReference; includeInIndex = 1; lastKnownFileType = text.xcconfig; name = "Pods-QuertieTests.release.xcconfig"; path = "Pods/Target Support Files/Pods-QuertieTests/Pods-QuertieTests.release.xcconfig"; sourceTree = "<group>"; };
		2B0464BC22067ED1006A3421 /* SettingsViewController.swift */ = {isa = PBXFileReference; lastKnownFileType = sourcecode.swift; path = SettingsViewController.swift; sourceTree = "<group>"; };
		2B1CA4412205DF7D00A7BC5F /* Quertie.app */ = {isa = PBXFileReference; explicitFileType = wrapper.application; includeInIndex = 0; path = Quertie.app; sourceTree = BUILT_PRODUCTS_DIR; };
		2B1CA4442205DF7D00A7BC5F /* AppDelegate.swift */ = {isa = PBXFileReference; lastKnownFileType = sourcecode.swift; path = AppDelegate.swift; sourceTree = "<group>"; };
		2B1CA4462205DF7D00A7BC5F /* ViewController.swift */ = {isa = PBXFileReference; lastKnownFileType = sourcecode.swift; path = ViewController.swift; sourceTree = "<group>"; };
		2B1CA4492205DF7D00A7BC5F /* Base */ = {isa = PBXFileReference; lastKnownFileType = file.storyboard; name = Base; path = Base.lproj/Main.storyboard; sourceTree = "<group>"; };
		2B1CA44B2205DF7F00A7BC5F /* Assets.xcassets */ = {isa = PBXFileReference; lastKnownFileType = folder.assetcatalog; path = Assets.xcassets; sourceTree = "<group>"; };
		2B1CA44E2205DF7F00A7BC5F /* Base */ = {isa = PBXFileReference; lastKnownFileType = file.storyboard; name = Base; path = Base.lproj/LaunchScreen.storyboard; sourceTree = "<group>"; };
		2B1CA4502205DF7F00A7BC5F /* Info.plist */ = {isa = PBXFileReference; lastKnownFileType = text.plist.xml; path = Info.plist; sourceTree = "<group>"; };
		2B1CA4552205DF7F00A7BC5F /* QuertieTests.xctest */ = {isa = PBXFileReference; explicitFileType = wrapper.cfbundle; includeInIndex = 0; path = QuertieTests.xctest; sourceTree = BUILT_PRODUCTS_DIR; };
		2B1CA4592205DF7F00A7BC5F /* QuertieTests.swift */ = {isa = PBXFileReference; lastKnownFileType = sourcecode.swift; path = QuertieTests.swift; sourceTree = "<group>"; };
		2B1CA45B2205DF7F00A7BC5F /* Info.plist */ = {isa = PBXFileReference; lastKnownFileType = text.plist.xml; path = Info.plist; sourceTree = "<group>"; };
		2B1CA4602205DF7F00A7BC5F /* QuertieUITests.xctest */ = {isa = PBXFileReference; explicitFileType = wrapper.cfbundle; includeInIndex = 0; path = QuertieUITests.xctest; sourceTree = BUILT_PRODUCTS_DIR; };
		2B1CA4642205DF8000A7BC5F /* QuertieUITests.swift */ = {isa = PBXFileReference; lastKnownFileType = sourcecode.swift; path = QuertieUITests.swift; sourceTree = "<group>"; };
		2B1CA4662205DF8000A7BC5F /* Info.plist */ = {isa = PBXFileReference; lastKnownFileType = text.plist.xml; path = Info.plist; sourceTree = "<group>"; };
		2B3281752205F0CD009D2DE6 /* Message.swift */ = {isa = PBXFileReference; lastKnownFileType = sourcecode.swift; path = Message.swift; sourceTree = "<group>"; };
		2B32817722060280009D2DE6 /* Extensions.swift */ = {isa = PBXFileReference; lastKnownFileType = sourcecode.swift; path = Extensions.swift; sourceTree = "<group>"; };
		2B328179220607E5009D2DE6 /* ChatService.swift */ = {isa = PBXFileReference; lastKnownFileType = sourcecode.swift; path = ChatService.swift; sourceTree = "<group>"; };
		2B32817B22064283009D2DE6 /* CameraView.swift */ = {isa = PBXFileReference; lastKnownFileType = sourcecode.swift; path = CameraView.swift; sourceTree = "<group>"; };
		33F834828ADBD0F42B1B16D3 /* Pods-Quertie.release.xcconfig */ = {isa = PBXFileReference; includeInIndex = 1; lastKnownFileType = text.xcconfig; name = "Pods-Quertie.release.xcconfig"; path = "Pods/Target Support Files/Pods-Quertie/Pods-Quertie.release.xcconfig"; sourceTree = "<group>"; };
		48626511AF200100BC52EA95 /* Pods_QuertieUITests.framework */ = {isa = PBXFileReference; explicitFileType = wrapper.framework; includeInIndex = 0; path = Pods_QuertieUITests.framework; sourceTree = BUILT_PRODUCTS_DIR; };
		49D20833ACCA4E4EBC66A2CD /* Pods-QuertieUITests.debug.xcconfig */ = {isa = PBXFileReference; includeInIndex = 1; lastKnownFileType = text.xcconfig; name = "Pods-QuertieUITests.debug.xcconfig"; path = "Pods/Target Support Files/Pods-QuertieUITests/Pods-QuertieUITests.debug.xcconfig"; sourceTree = "<group>"; };
		83DDD568D7297C328E117174 /* Pods-Quertie.debug.xcconfig */ = {isa = PBXFileReference; includeInIndex = 1; lastKnownFileType = text.xcconfig; name = "Pods-Quertie.debug.xcconfig"; path = "Pods/Target Support Files/Pods-Quertie/Pods-Quertie.debug.xcconfig"; sourceTree = "<group>"; };
		B01145630207DABA4DD33D7A /* Pods-QuertieTests.debug.xcconfig */ = {isa = PBXFileReference; includeInIndex = 1; lastKnownFileType = text.xcconfig; name = "Pods-QuertieTests.debug.xcconfig"; path = "Pods/Target Support Files/Pods-QuertieTests/Pods-QuertieTests.debug.xcconfig"; sourceTree = "<group>"; };
		C581D5429CA2E36D84FC63E4 /* Pods_QuertieTests.framework */ = {isa = PBXFileReference; explicitFileType = wrapper.framework; includeInIndex = 0; path = Pods_QuertieTests.framework; sourceTree = BUILT_PRODUCTS_DIR; };
		F5391BEF8D60A82D83DA4E7D /* Pods-QuertieUITests.release.xcconfig */ = {isa = PBXFileReference; includeInIndex = 1; lastKnownFileType = text.xcconfig; name = "Pods-QuertieUITests.release.xcconfig"; path = "Pods/Target Support Files/Pods-QuertieUITests/Pods-QuertieUITests.release.xcconfig"; sourceTree = "<group>"; };
/* End PBXFileReference section */

/* Begin PBXFrameworksBuildPhase section */
		2B1CA43E2205DF7D00A7BC5F /* Frameworks */ = {
			isa = PBXFrameworksBuildPhase;
			buildActionMask = 2147483647;
			files = (
				E601AED284AAAE1A9D7515BF /* Pods_Quertie.framework in Frameworks */,
			);
			runOnlyForDeploymentPostprocessing = 0;
		};
		2B1CA4522205DF7F00A7BC5F /* Frameworks */ = {
			isa = PBXFrameworksBuildPhase;
			buildActionMask = 2147483647;
			files = (
				A2D3912BF52E391091C0F7A2 /* Pods_QuertieTests.framework in Frameworks */,
			);
			runOnlyForDeploymentPostprocessing = 0;
		};
		2B1CA45D2205DF7F00A7BC5F /* Frameworks */ = {
			isa = PBXFrameworksBuildPhase;
			buildActionMask = 2147483647;
			files = (
				8A5489514DF766763F570A7E /* Pods_QuertieUITests.framework in Frameworks */,
			);
			runOnlyForDeploymentPostprocessing = 0;
		};
/* End PBXFrameworksBuildPhase section */

/* Begin PBXGroup section */
		2B1CA4382205DF7D00A7BC5F = {
			isa = PBXGroup;
			children = (
				2B1CA4432205DF7D00A7BC5F /* Quertie */,
				2B1CA4582205DF7F00A7BC5F /* QuertieTests */,
				2B1CA4632205DF7F00A7BC5F /* QuertieUITests */,
				2B1CA4422205DF7D00A7BC5F /* Products */,
				F4E13223F8B29E1D180E89BA /* Pods */,
				7FE2E90E48A4C65DEF79C8C8 /* Frameworks */,
			);
			sourceTree = "<group>";
		};
		2B1CA4422205DF7D00A7BC5F /* Products */ = {
			isa = PBXGroup;
			children = (
				2B1CA4412205DF7D00A7BC5F /* Quertie.app */,
				2B1CA4552205DF7F00A7BC5F /* QuertieTests.xctest */,
				2B1CA4602205DF7F00A7BC5F /* QuertieUITests.xctest */,
			);
			name = Products;
			sourceTree = "<group>";
		};
		2B1CA4432205DF7D00A7BC5F /* Quertie */ = {
			isa = PBXGroup;
			children = (
				2B1CA4442205DF7D00A7BC5F /* AppDelegate.swift */,
				2B1CA4462205DF7D00A7BC5F /* ViewController.swift */,
				2B1CA4482205DF7D00A7BC5F /* Main.storyboard */,
				2B1CA44B2205DF7F00A7BC5F /* Assets.xcassets */,
				2B1CA44D2205DF7F00A7BC5F /* LaunchScreen.storyboard */,
				2B1CA4502205DF7F00A7BC5F /* Info.plist */,
				2B3281752205F0CD009D2DE6 /* Message.swift */,
				2B32817722060280009D2DE6 /* Extensions.swift */,
				2B328179220607E5009D2DE6 /* ChatService.swift */,
				2B32817B22064283009D2DE6 /* CameraView.swift */,
				2B0464BC22067ED1006A3421 /* SettingsViewController.swift */,
			);
			path = Quertie;
			sourceTree = "<group>";
		};
		2B1CA4582205DF7F00A7BC5F /* QuertieTests */ = {
			isa = PBXGroup;
			children = (
				2B1CA4592205DF7F00A7BC5F /* QuertieTests.swift */,
				2B1CA45B2205DF7F00A7BC5F /* Info.plist */,
			);
			path = QuertieTests;
			sourceTree = "<group>";
		};
		2B1CA4632205DF7F00A7BC5F /* QuertieUITests */ = {
			isa = PBXGroup;
			children = (
				2B1CA4642205DF8000A7BC5F /* QuertieUITests.swift */,
				2B1CA4662205DF8000A7BC5F /* Info.plist */,
			);
			path = QuertieUITests;
			sourceTree = "<group>";
		};
		7FE2E90E48A4C65DEF79C8C8 /* Frameworks */ = {
			isa = PBXGroup;
			children = (
				037DDC2D9816888E2F5C0825 /* Pods_Quertie.framework */,
				C581D5429CA2E36D84FC63E4 /* Pods_QuertieTests.framework */,
				48626511AF200100BC52EA95 /* Pods_QuertieUITests.framework */,
			);
			name = Frameworks;
			sourceTree = "<group>";
		};
		F4E13223F8B29E1D180E89BA /* Pods */ = {
			isa = PBXGroup;
			children = (
				83DDD568D7297C328E117174 /* Pods-Quertie.debug.xcconfig */,
				33F834828ADBD0F42B1B16D3 /* Pods-Quertie.release.xcconfig */,
				B01145630207DABA4DD33D7A /* Pods-QuertieTests.debug.xcconfig */,
				115D77E628EE89B6D6120ACE /* Pods-QuertieTests.release.xcconfig */,
				49D20833ACCA4E4EBC66A2CD /* Pods-QuertieUITests.debug.xcconfig */,
				F5391BEF8D60A82D83DA4E7D /* Pods-QuertieUITests.release.xcconfig */,
			);
			name = Pods;
			sourceTree = "<group>";
		};
/* End PBXGroup section */

/* Begin PBXNativeTarget section */
		2B1CA4402205DF7D00A7BC5F /* Quertie */ = {
			isa = PBXNativeTarget;
			buildConfigurationList = 2B1CA4692205DF8000A7BC5F /* Build configuration list for PBXNativeTarget "Quertie" */;
			buildPhases = (
				BB61844CEDC3BC2F6C0B5AC2 /* [CP] Check Pods Manifest.lock */,
				2B1CA43D2205DF7D00A7BC5F /* Sources */,
				2B1CA43E2205DF7D00A7BC5F /* Frameworks */,
				2B1CA43F2205DF7D00A7BC5F /* Resources */,
				ACE2E8F8CC67308CDB4E129A /* [CP] Embed Pods Frameworks */,
			);
			buildRules = (
			);
			dependencies = (
			);
			name = Quertie;
			productName = Quertie;
			productReference = 2B1CA4412205DF7D00A7BC5F /* Quertie.app */;
			productType = "com.apple.product-type.application";
		};
		2B1CA4542205DF7F00A7BC5F /* QuertieTests */ = {
			isa = PBXNativeTarget;
			buildConfigurationList = 2B1CA46C2205DF8000A7BC5F /* Build configuration list for PBXNativeTarget "QuertieTests" */;
			buildPhases = (
				04CFB3CE31BCA546009BE224 /* [CP] Check Pods Manifest.lock */,
				2B1CA4512205DF7F00A7BC5F /* Sources */,
				2B1CA4522205DF7F00A7BC5F /* Frameworks */,
				2B1CA4532205DF7F00A7BC5F /* Resources */,
			);
			buildRules = (
			);
			dependencies = (
				2B1CA4572205DF7F00A7BC5F /* PBXTargetDependency */,
			);
			name = QuertieTests;
			productName = QuertieTests;
			productReference = 2B1CA4552205DF7F00A7BC5F /* QuertieTests.xctest */;
			productType = "com.apple.product-type.bundle.unit-test";
		};
		2B1CA45F2205DF7F00A7BC5F /* QuertieUITests */ = {
			isa = PBXNativeTarget;
			buildConfigurationList = 2B1CA46F2205DF8000A7BC5F /* Build configuration list for PBXNativeTarget "QuertieUITests" */;
			buildPhases = (
				1A84126175D85F74D6D20DB0 /* [CP] Check Pods Manifest.lock */,
				2B1CA45C2205DF7F00A7BC5F /* Sources */,
				2B1CA45D2205DF7F00A7BC5F /* Frameworks */,
				2B1CA45E2205DF7F00A7BC5F /* Resources */,
			);
			buildRules = (
			);
			dependencies = (
				2B1CA4622205DF7F00A7BC5F /* PBXTargetDependency */,
			);
			name = QuertieUITests;
			productName = QuertieUITests;
			productReference = 2B1CA4602205DF7F00A7BC5F /* QuertieUITests.xctest */;
			productType = "com.apple.product-type.bundle.ui-testing";
		};
/* End PBXNativeTarget section */

/* Begin PBXProject section */
		2B1CA4392205DF7D00A7BC5F /* Project object */ = {
			isa = PBXProject;
			attributes = {
				LastSwiftUpdateCheck = 1010;
				LastUpgradeCheck = 1010;
				ORGANIZATIONNAME = "Edward Theodor";
				TargetAttributes = {
					2B1CA4402205DF7D00A7BC5F = {
						CreatedOnToolsVersion = 10.1;
					};
					2B1CA4542205DF7F00A7BC5F = {
						CreatedOnToolsVersion = 10.1;
						TestTargetID = 2B1CA4402205DF7D00A7BC5F;
					};
					2B1CA45F2205DF7F00A7BC5F = {
						CreatedOnToolsVersion = 10.1;
						TestTargetID = 2B1CA4402205DF7D00A7BC5F;
					};
				};
			};
			buildConfigurationList = 2B1CA43C2205DF7D00A7BC5F /* Build configuration list for PBXProject "Quertie" */;
			compatibilityVersion = "Xcode 9.3";
			developmentRegion = en;
			hasScannedForEncodings = 0;
			knownRegions = (
				en,
				Base,
			);
			mainGroup = 2B1CA4382205DF7D00A7BC5F;
			productRefGroup = 2B1CA4422205DF7D00A7BC5F /* Products */;
			projectDirPath = "";
			projectRoot = "";
			targets = (
				2B1CA4402205DF7D00A7BC5F /* Quertie */,
				2B1CA4542205DF7F00A7BC5F /* QuertieTests */,
				2B1CA45F2205DF7F00A7BC5F /* QuertieUITests */,
			);
		};
/* End PBXProject section */

/* Begin PBXResourcesBuildPhase section */
		2B1CA43F2205DF7D00A7BC5F /* Resources */ = {
			isa = PBXResourcesBuildPhase;
			buildActionMask = 2147483647;
			files = (
				2B1CA44F2205DF7F00A7BC5F /* LaunchScreen.storyboard in Resources */,
				2B1CA44C2205DF7F00A7BC5F /* Assets.xcassets in Resources */,
				2B1CA44A2205DF7D00A7BC5F /* Main.storyboard in Resources */,
			);
			runOnlyForDeploymentPostprocessing = 0;
		};
		2B1CA4532205DF7F00A7BC5F /* Resources */ = {
			isa = PBXResourcesBuildPhase;
			buildActionMask = 2147483647;
			files = (
			);
			runOnlyForDeploymentPostprocessing = 0;
		};
		2B1CA45E2205DF7F00A7BC5F /* Resources */ = {
			isa = PBXResourcesBuildPhase;
			buildActionMask = 2147483647;
			files = (
			);
			runOnlyForDeploymentPostprocessing = 0;
		};
/* End PBXResourcesBuildPhase section */

/* Begin PBXShellScriptBuildPhase section */
		04CFB3CE31BCA546009BE224 /* [CP] Check Pods Manifest.lock */ = {
			isa = PBXShellScriptBuildPhase;
			buildActionMask = 2147483647;
			files = (
			);
			inputFileListPaths = (
			);
			inputPaths = (
				"${PODS_PODFILE_DIR_PATH}/Podfile.lock",
				"${PODS_ROOT}/Manifest.lock",
			);
			name = "[CP] Check Pods Manifest.lock";
			outputFileListPaths = (
			);
			outputPaths = (
				"$(DERIVED_FILE_DIR)/Pods-QuertieTests-checkManifestLockResult.txt",
			);
			runOnlyForDeploymentPostprocessing = 0;
			shellPath = /bin/sh;
			shellScript = "diff \"${PODS_PODFILE_DIR_PATH}/Podfile.lock\" \"${PODS_ROOT}/Manifest.lock\" > /dev/null\nif [ $? != 0 ] ; then\n    # print error to STDERR\n    echo \"error: The sandbox is not in sync with the Podfile.lock. Run 'pod install' or update your CocoaPods installation.\" >&2\n    exit 1\nfi\n# This output is used by Xcode 'outputs' to avoid re-running this script phase.\necho \"SUCCESS\" > \"${SCRIPT_OUTPUT_FILE_0}\"\n";
			showEnvVarsInLog = 0;
		};
		1A84126175D85F74D6D20DB0 /* [CP] Check Pods Manifest.lock */ = {
			isa = PBXShellScriptBuildPhase;
			buildActionMask = 2147483647;
			files = (
			);
			inputFileListPaths = (
			);
			inputPaths = (
				"${PODS_PODFILE_DIR_PATH}/Podfile.lock",
				"${PODS_ROOT}/Manifest.lock",
			);
			name = "[CP] Check Pods Manifest.lock";
			outputFileListPaths = (
			);
			outputPaths = (
				"$(DERIVED_FILE_DIR)/Pods-QuertieUITests-checkManifestLockResult.txt",
			);
			runOnlyForDeploymentPostprocessing = 0;
			shellPath = /bin/sh;
			shellScript = "diff \"${PODS_PODFILE_DIR_PATH}/Podfile.lock\" \"${PODS_ROOT}/Manifest.lock\" > /dev/null\nif [ $? != 0 ] ; then\n    # print error to STDERR\n    echo \"error: The sandbox is not in sync with the Podfile.lock. Run 'pod install' or update your CocoaPods installation.\" >&2\n    exit 1\nfi\n# This output is used by Xcode 'outputs' to avoid re-running this script phase.\necho \"SUCCESS\" > \"${SCRIPT_OUTPUT_FILE_0}\"\n";
			showEnvVarsInLog = 0;
		};
		ACE2E8F8CC67308CDB4E129A /* [CP] Embed Pods Frameworks */ = {
			isa = PBXShellScriptBuildPhase;
			buildActionMask = 2147483647;
			files = (
			);
			inputFileListPaths = (
			);
			inputPaths = (
				"${SRCROOT}/Pods/Target Support Files/Pods-Quertie/Pods-Quertie-frameworks.sh",
				"${BUILT_PRODUCTS_DIR}/MessageInputBar/MessageInputBar.framework",
				"${BUILT_PRODUCTS_DIR}/MessageKit/MessageKit.framework",
				"${BUILT_PRODUCTS_DIR}/Scaledrone/Scaledrone.framework",
				"${BUILT_PRODUCTS_DIR}/Starscream/Starscream.framework",
			);
			name = "[CP] Embed Pods Frameworks";
			outputFileListPaths = (
			);
			outputPaths = (
				"${TARGET_BUILD_DIR}/${FRAMEWORKS_FOLDER_PATH}/MessageInputBar.framework",
				"${TARGET_BUILD_DIR}/${FRAMEWORKS_FOLDER_PATH}/MessageKit.framework",
				"${TARGET_BUILD_DIR}/${FRAMEWORKS_FOLDER_PATH}/Scaledrone.framework",
				"${TARGET_BUILD_DIR}/${FRAMEWORKS_FOLDER_PATH}/Starscream.framework",
			);
			runOnlyForDeploymentPostprocessing = 0;
			shellPath = /bin/sh;
			shellScript = "\"${SRCROOT}/Pods/Target Support Files/Pods-Quertie/Pods-Quertie-frameworks.sh\"\n";
			showEnvVarsInLog = 0;
		};
		BB61844CEDC3BC2F6C0B5AC2 /* [CP] Check Pods Manifest.lock */ = {
			isa = PBXShellScriptBuildPhase;
			buildActionMask = 2147483647;
			files = (
			);
			inputFileListPaths = (
			);
			inputPaths = (
				"${PODS_PODFILE_DIR_PATH}/Podfile.lock",
				"${PODS_ROOT}/Manifest.lock",
			);
			name = "[CP] Check Pods Manifest.lock";
			outputFileListPaths = (
			);
			outputPaths = (
				"$(DERIVED_FILE_DIR)/Pods-Quertie-checkManifestLockResult.txt",
			);
			runOnlyForDeploymentPostprocessing = 0;
			shellPath = /bin/sh;
			shellScript = "diff \"${PODS_PODFILE_DIR_PATH}/Podfile.lock\" \"${PODS_ROOT}/Manifest.lock\" > /dev/null\nif [ $? != 0 ] ; then\n    # print error to STDERR\n    echo \"error: The sandbox is not in sync with the Podfile.lock. Run 'pod install' or update your CocoaPods installation.\" >&2\n    exit 1\nfi\n# This output is used by Xcode 'outputs' to avoid re-running this script phase.\necho \"SUCCESS\" > \"${SCRIPT_OUTPUT_FILE_0}\"\n";
			showEnvVarsInLog = 0;
		};
/* End PBXShellScriptBuildPhase section */

/* Begin PBXSourcesBuildPhase section */
		2B1CA43D2205DF7D00A7BC5F /* Sources */ = {
			isa = PBXSourcesBuildPhase;
			buildActionMask = 2147483647;
			files = (
				2B3281762205F0CD009D2DE6 /* Message.swift in Sources */,
				2B1CA4472205DF7D00A7BC5F /* ViewController.swift in Sources */,
				2B0464BD22067ED1006A3421 /* SettingsViewController.swift in Sources */,
				2B1CA4452205DF7D00A7BC5F /* AppDelegate.swift in Sources */,
				2B32817C22064283009D2DE6 /* CameraView.swift in Sources */,
				2B32817A220607E5009D2DE6 /* ChatService.swift in Sources */,
				2B32817822060280009D2DE6 /* Extensions.swift in Sources */,
			);
			runOnlyForDeploymentPostprocessing = 0;
		};
		2B1CA4512205DF7F00A7BC5F /* Sources */ = {
			isa = PBXSourcesBuildPhase;
			buildActionMask = 2147483647;
			files = (
				2B1CA45A2205DF7F00A7BC5F /* QuertieTests.swift in Sources */,
			);
			runOnlyForDeploymentPostprocessing = 0;
		};
		2B1CA45C2205DF7F00A7BC5F /* Sources */ = {
			isa = PBXSourcesBuildPhase;
			buildActionMask = 2147483647;
			files = (
				2B1CA4652205DF8000A7BC5F /* QuertieUITests.swift in Sources */,
			);
			runOnlyForDeploymentPostprocessing = 0;
		};
/* End PBXSourcesBuildPhase section */

/* Begin PBXTargetDependency section */
		2B1CA4572205DF7F00A7BC5F /* PBXTargetDependency */ = {
			isa = PBXTargetDependency;
			target = 2B1CA4402205DF7D00A7BC5F /* Quertie */;
			targetProxy = 2B1CA4562205DF7F00A7BC5F /* PBXContainerItemProxy */;
		};
		2B1CA4622205DF7F00A7BC5F /* PBXTargetDependency */ = {
			isa = PBXTargetDependency;
			target = 2B1CA4402205DF7D00A7BC5F /* Quertie */;
			targetProxy = 2B1CA4612205DF7F00A7BC5F /* PBXContainerItemProxy */;
		};
/* End PBXTargetDependency section */

/* Begin PBXVariantGroup section */
		2B1CA4482205DF7D00A7BC5F /* Main.storyboard */ = {
			isa = PBXVariantGroup;
			children = (
				2B1CA4492205DF7D00A7BC5F /* Base */,
			);
			name = Main.storyboard;
			sourceTree = "<group>";
		};
		2B1CA44D2205DF7F00A7BC5F /* LaunchScreen.storyboard */ = {
			isa = PBXVariantGroup;
			children = (
				2B1CA44E2205DF7F00A7BC5F /* Base */,
			);
			name = LaunchScreen.storyboard;
			sourceTree = "<group>";
		};
/* End PBXVariantGroup section */

/* Begin XCBuildConfiguration section */
		2B1CA4672205DF8000A7BC5F /* Debug */ = {
			isa = XCBuildConfiguration;
			buildSettings = {
				ALWAYS_SEARCH_USER_PATHS = NO;
				CLANG_ANALYZER_NONNULL = YES;
				CLANG_ANALYZER_NUMBER_OBJECT_CONVERSION = YES_AGGRESSIVE;
				CLANG_CXX_LANGUAGE_STANDARD = "gnu++14";
				CLANG_CXX_LIBRARY = "libc++";
				CLANG_ENABLE_MODULES = YES;
				CLANG_ENABLE_OBJC_ARC = YES;
				CLANG_ENABLE_OBJC_WEAK = YES;
				CLANG_WARN_BLOCK_CAPTURE_AUTORELEASING = YES;
				CLANG_WARN_BOOL_CONVERSION = YES;
				CLANG_WARN_COMMA = YES;
				CLANG_WARN_CONSTANT_CONVERSION = YES;
				CLANG_WARN_DEPRECATED_OBJC_IMPLEMENTATIONS = YES;
				CLANG_WARN_DIRECT_OBJC_ISA_USAGE = YES_ERROR;
				CLANG_WARN_DOCUMENTATION_COMMENTS = YES;
				CLANG_WARN_EMPTY_BODY = YES;
				CLANG_WARN_ENUM_CONVERSION = YES;
				CLANG_WARN_INFINITE_RECURSION = YES;
				CLANG_WARN_INT_CONVERSION = YES;
				CLANG_WARN_NON_LITERAL_NULL_CONVERSION = YES;
				CLANG_WARN_OBJC_IMPLICIT_RETAIN_SELF = YES;
				CLANG_WARN_OBJC_LITERAL_CONVERSION = YES;
				CLANG_WARN_OBJC_ROOT_CLASS = YES_ERROR;
				CLANG_WARN_RANGE_LOOP_ANALYSIS = YES;
				CLANG_WARN_STRICT_PROTOTYPES = YES;
				CLANG_WARN_SUSPICIOUS_MOVE = YES;
				CLANG_WARN_UNGUARDED_AVAILABILITY = YES_AGGRESSIVE;
				CLANG_WARN_UNREACHABLE_CODE = YES;
				CLANG_WARN__DUPLICATE_METHOD_MATCH = YES;
				CODE_SIGN_IDENTITY = "iPhone Developer";
				COPY_PHASE_STRIP = NO;
				DEBUG_INFORMATION_FORMAT = dwarf;
				ENABLE_STRICT_OBJC_MSGSEND = YES;
				ENABLE_TESTABILITY = YES;
				GCC_C_LANGUAGE_STANDARD = gnu11;
				GCC_DYNAMIC_NO_PIC = NO;
				GCC_NO_COMMON_BLOCKS = YES;
				GCC_OPTIMIZATION_LEVEL = 0;
				GCC_PREPROCESSOR_DEFINITIONS = (
					"DEBUG=1",
					"$(inherited)",
				);
				GCC_WARN_64_TO_32_BIT_CONVERSION = YES;
				GCC_WARN_ABOUT_RETURN_TYPE = YES_ERROR;
				GCC_WARN_UNDECLARED_SELECTOR = YES;
				GCC_WARN_UNINITIALIZED_AUTOS = YES_AGGRESSIVE;
				GCC_WARN_UNUSED_FUNCTION = YES;
				GCC_WARN_UNUSED_VARIABLE = YES;
				IPHONEOS_DEPLOYMENT_TARGET = 12.1;
				MTL_ENABLE_DEBUG_INFO = INCLUDE_SOURCE;
				MTL_FAST_MATH = YES;
				ONLY_ACTIVE_ARCH = YES;
				SDKROOT = iphoneos;
				SWIFT_ACTIVE_COMPILATION_CONDITIONS = DEBUG;
				SWIFT_OPTIMIZATION_LEVEL = "-Onone";
			};
			name = Debug;
		};
		2B1CA4682205DF8000A7BC5F /* Release */ = {
			isa = XCBuildConfiguration;
			buildSettings = {
				ALWAYS_SEARCH_USER_PATHS = NO;
				CLANG_ANALYZER_NONNULL = YES;
				CLANG_ANALYZER_NUMBER_OBJECT_CONVERSION = YES_AGGRESSIVE;
				CLANG_CXX_LANGUAGE_STANDARD = "gnu++14";
				CLANG_CXX_LIBRARY = "libc++";
				CLANG_ENABLE_MODULES = YES;
				CLANG_ENABLE_OBJC_ARC = YES;
				CLANG_ENABLE_OBJC_WEAK = YES;
				CLANG_WARN_BLOCK_CAPTURE_AUTORELEASING = YES;
				CLANG_WARN_BOOL_CONVERSION = YES;
				CLANG_WARN_COMMA = YES;
				CLANG_WARN_CONSTANT_CONVERSION = YES;
				CLANG_WARN_DEPRECATED_OBJC_IMPLEMENTATIONS = YES;
				CLANG_WARN_DIRECT_OBJC_ISA_USAGE = YES_ERROR;
				CLANG_WARN_DOCUMENTATION_COMMENTS = YES;
				CLANG_WARN_EMPTY_BODY = YES;
				CLANG_WARN_ENUM_CONVERSION = YES;
				CLANG_WARN_INFINITE_RECURSION = YES;
				CLANG_WARN_INT_CONVERSION = YES;
				CLANG_WARN_NON_LITERAL_NULL_CONVERSION = YES;
				CLANG_WARN_OBJC_IMPLICIT_RETAIN_SELF = YES;
				CLANG_WARN_OBJC_LITERAL_CONVERSION = YES;
				CLANG_WARN_OBJC_ROOT_CLASS = YES_ERROR;
				CLANG_WARN_RANGE_LOOP_ANALYSIS = YES;
				CLANG_WARN_STRICT_PROTOTYPES = YES;
				CLANG_WARN_SUSPICIOUS_MOVE = YES;
				CLANG_WARN_UNGUARDED_AVAILABILITY = YES_AGGRESSIVE;
				CLANG_WARN_UNREACHABLE_CODE = YES;
				CLANG_WARN__DUPLICATE_METHOD_MATCH = YES;
				CODE_SIGN_IDENTITY = "iPhone Developer";
				COPY_PHASE_STRIP = NO;
				DEBUG_INFORMATION_FORMAT = "dwarf-with-dsym";
				ENABLE_NS_ASSERTIONS = NO;
				ENABLE_STRICT_OBJC_MSGSEND = YES;
				GCC_C_LANGUAGE_STANDARD = gnu11;
				GCC_NO_COMMON_BLOCKS = YES;
				GCC_WARN_64_TO_32_BIT_CONVERSION = YES;
				GCC_WARN_ABOUT_RETURN_TYPE = YES_ERROR;
				GCC_WARN_UNDECLARED_SELECTOR = YES;
				GCC_WARN_UNINITIALIZED_AUTOS = YES_AGGRESSIVE;
				GCC_WARN_UNUSED_FUNCTION = YES;
				GCC_WARN_UNUSED_VARIABLE = YES;
				IPHONEOS_DEPLOYMENT_TARGET = 12.1;
				MTL_ENABLE_DEBUG_INFO = NO;
				MTL_FAST_MATH = YES;
				SDKROOT = iphoneos;
				SWIFT_COMPILATION_MODE = wholemodule;
				SWIFT_OPTIMIZATION_LEVEL = "-O";
				VALIDATE_PRODUCT = YES;
			};
			name = Release;
		};
		2B1CA46A2205DF8000A7BC5F /* Debug */ = {
			isa = XCBuildConfiguration;
			baseConfigurationReference = 83DDD568D7297C328E117174 /* Pods-Quertie.debug.xcconfig */;
			buildSettings = {
				ASSETCATALOG_COMPILER_APPICON_NAME = AppIcon;
				CODE_SIGN_STYLE = Automatic;
				DEVELOPMENT_TEAM = 253VRMG88W;
				INFOPLIST_FILE = Quertie/Info.plist;
				IPHONEOS_DEPLOYMENT_TARGET = 12.0;
				LD_RUNPATH_SEARCH_PATHS = (
					"$(inherited)",
					"@executable_path/Frameworks",
				);
				PRODUCT_BUNDLE_IDENTIFIER = com.edwardtheodor.Quertie;
				PRODUCT_NAME = "$(TARGET_NAME)";
				SWIFT_VERSION = 4.2;
				TARGETED_DEVICE_FAMILY = "1,2";
			};
			name = Debug;
		};
		2B1CA46B2205DF8000A7BC5F /* Release */ = {
			isa = XCBuildConfiguration;
			baseConfigurationReference = 33F834828ADBD0F42B1B16D3 /* Pods-Quertie.release.xcconfig */;
			buildSettings = {
				ASSETCATALOG_COMPILER_APPICON_NAME = AppIcon;
				CODE_SIGN_STYLE = Automatic;
				DEVELOPMENT_TEAM = 253VRMG88W;
				INFOPLIST_FILE = Quertie/Info.plist;
				IPHONEOS_DEPLOYMENT_TARGET = 12.0;
				LD_RUNPATH_SEARCH_PATHS = (
					"$(inherited)",
					"@executable_path/Frameworks",
				);
				PRODUCT_BUNDLE_IDENTIFIER = com.edwardtheodor.Quertie;
				PRODUCT_NAME = "$(TARGET_NAME)";
				SWIFT_VERSION = 4.2;
				TARGETED_DEVICE_FAMILY = "1,2";
			};
			name = Release;
		};
		2B1CA46D2205DF8000A7BC5F /* Debug */ = {
			isa = XCBuildConfiguration;
			baseConfigurationReference = B01145630207DABA4DD33D7A /* Pods-QuertieTests.debug.xcconfig */;
			buildSettings = {
				ALWAYS_EMBED_SWIFT_STANDARD_LIBRARIES = YES;
				BUNDLE_LOADER = "$(TEST_HOST)";
				CODE_SIGN_STYLE = Automatic;
				DEVELOPMENT_TEAM = 253VRMG88W;
				INFOPLIST_FILE = QuertieTests/Info.plist;
				LD_RUNPATH_SEARCH_PATHS = (
					"$(inherited)",
					"@executable_path/Frameworks",
					"@loader_path/Frameworks",
				);
				PRODUCT_BUNDLE_IDENTIFIER = com.edwardtheodor.QuertieTests;
				PRODUCT_NAME = "$(TARGET_NAME)";
				SWIFT_VERSION = 4.2;
				TARGETED_DEVICE_FAMILY = "1,2";
				TEST_HOST = "$(BUILT_PRODUCTS_DIR)/Quertie.app/Quertie";
			};
			name = Debug;
		};
		2B1CA46E2205DF8000A7BC5F /* Release */ = {
			isa = XCBuildConfiguration;
			baseConfigurationReference = 115D77E628EE89B6D6120ACE /* Pods-QuertieTests.release.xcconfig */;
			buildSettings = {
				ALWAYS_EMBED_SWIFT_STANDARD_LIBRARIES = YES;
				BUNDLE_LOADER = "$(TEST_HOST)";
				CODE_SIGN_STYLE = Automatic;
				DEVELOPMENT_TEAM = 253VRMG88W;
				INFOPLIST_FILE = QuertieTests/Info.plist;
				LD_RUNPATH_SEARCH_PATHS = (
					"$(inherited)",
					"@executable_path/Frameworks",
					"@loader_path/Frameworks",
				);
				PRODUCT_BUNDLE_IDENTIFIER = com.edwardtheodor.QuertieTests;
				PRODUCT_NAME = "$(TARGET_NAME)";
				SWIFT_VERSION = 4.2;
				TARGETED_DEVICE_FAMILY = "1,2";
				TEST_HOST = "$(BUILT_PRODUCTS_DIR)/Quertie.app/Quertie";
			};
			name = Release;
		};
		2B1CA4702205DF8000A7BC5F /* Debug */ = {
			isa = XCBuildConfiguration;
			baseConfigurationReference = 49D20833ACCA4E4EBC66A2CD /* Pods-QuertieUITests.debug.xcconfig */;
			buildSettings = {
				ALWAYS_EMBED_SWIFT_STANDARD_LIBRARIES = YES;
				CODE_SIGN_STYLE = Automatic;
				DEVELOPMENT_TEAM = 253VRMG88W;
				INFOPLIST_FILE = QuertieUITests/Info.plist;
				LD_RUNPATH_SEARCH_PATHS = (
					"$(inherited)",
					"@executable_path/Frameworks",
					"@loader_path/Frameworks",
				);
				PRODUCT_BUNDLE_IDENTIFIER = com.edwardtheodor.QuertieUITests;
				PRODUCT_NAME = "$(TARGET_NAME)";
				SWIFT_VERSION = 4.2;
				TARGETED_DEVICE_FAMILY = "1,2";
				TEST_TARGET_NAME = Quertie;
			};
			name = Debug;
		};
		2B1CA4712205DF8000A7BC5F /* Release */ = {
			isa = XCBuildConfiguration;
			baseConfigurationReference = F5391BEF8D60A82D83DA4E7D /* Pods-QuertieUITests.release.xcconfig */;
			buildSettings = {
				ALWAYS_EMBED_SWIFT_STANDARD_LIBRARIES = YES;
				CODE_SIGN_STYLE = Automatic;
				DEVELOPMENT_TEAM = 253VRMG88W;
				INFOPLIST_FILE = QuertieUITests/Info.plist;
				LD_RUNPATH_SEARCH_PATHS = (
					"$(inherited)",
					"@executable_path/Frameworks",
					"@loader_path/Frameworks",
				);
				PRODUCT_BUNDLE_IDENTIFIER = com.edwardtheodor.QuertieUITests;
				PRODUCT_NAME = "$(TARGET_NAME)";
				SWIFT_VERSION = 4.2;
				TARGETED_DEVICE_FAMILY = "1,2";
				TEST_TARGET_NAME = Quertie;
			};
			name = Release;
		};
/* End XCBuildConfiguration section */

/* Begin XCConfigurationList section */
		2B1CA43C2205DF7D00A7BC5F /* Build configuration list for PBXProject "Quertie" */ = {
			isa = XCConfigurationList;
			buildConfigurations = (
				2B1CA4672205DF8000A7BC5F /* Debug */,
				2B1CA4682205DF8000A7BC5F /* Release */,
			);
			defaultConfigurationIsVisible = 0;
			defaultConfigurationName = Release;
		};
		2B1CA4692205DF8000A7BC5F /* Build configuration list for PBXNativeTarget "Quertie" */ = {
			isa = XCConfigurationList;
			buildConfigurations = (
				2B1CA46A2205DF8000A7BC5F /* Debug */,
				2B1CA46B2205DF8000A7BC5F /* Release */,
			);
			defaultConfigurationIsVisible = 0;
			defaultConfigurationName = Release;
		};
		2B1CA46C2205DF8000A7BC5F /* Build configuration list for PBXNativeTarget "QuertieTests" */ = {
			isa = XCConfigurationList;
			buildConfigurations = (
				2B1CA46D2205DF8000A7BC5F /* Debug */,
				2B1CA46E2205DF8000A7BC5F /* Release */,
			);
			defaultConfigurationIsVisible = 0;
			defaultConfigurationName = Release;
		};
		2B1CA46F2205DF8000A7BC5F /* Build configuration list for PBXNativeTarget "QuertieUITests" */ = {
			isa = XCConfigurationList;
			buildConfigurations = (
				2B1CA4702205DF8000A7BC5F /* Debug */,
				2B1CA4712205DF8000A7BC5F /* Release */,
			);
			defaultConfigurationIsVisible = 0;
			defaultConfigurationName = Release;
		};
/* End XCConfigurationList section */
	};
	rootObject = 2B1CA4392205DF7D00A7BC5F /* Project object */;
}
